
Microsoft Visual Studio Solution File, Format Version 12.00
# Visual Studio 15
Project("{FAE04EC0-301F-11D3-BF4B-00C04F79EFBC}") = "StoreApp", "StoreApp\StoreApp.csproj", "{B1D5731C-D8E5-461D-B413-48770310735A}"
EndProject
Global
	GlobalSection(SolutionConfigurationPlatforms) = preSolution
		Debug|Any CPU = Debug|Any CPU
		Release|Any CPU = Release|Any CPU
	EndGlobalSection
	GlobalSection(ProjectConfigurationPlatforms) = postSolution
		{B1D5731C-D8E5-461D-B413-48770310735A}.Debug|Any CPU.ActiveCfg = Debug|Any CPU
		{B1D5731C-D8E5-461D-B413-48770310735A}.Debug|Any CPU.Build.0 = Debug|Any CPU
		{B1D5731C-D8E5-461D-B413-48770310735A}.Release|Any CPU.ActiveCfg = Release|Any CPU
		{B1D5731C-D8E5-461D-B413-48770310735A}.Release|Any CPU.Build.0 = Release|Any CPU
	EndGlobalSection
EndGlobal
